
Microsoft Visual Studio Solution File, Format Version 12.00
# Visual Studio Version 17
VisualStudioVersion = 17.4.33110.190
MinimumVisualStudioVersion = 10.0.40219.1
Project("{888888A0-9F3D-457C-B088-3A5042F75D52}") = "ColorizerServer", "ColorizerServer.pyproj", "{F5BF8E0B-04D3-4768-ABF7-6EBACF4ACFF1}"
EndProject
Global
	GlobalSection(SolutionConfigurationPlatforms) = preSolution
		Debug|Any CPU = Debug|Any CPU
		Release|Any CPU = Release|Any CPU
	EndGlobalSection
	GlobalSection(ProjectConfigurationPlatforms) = postSolution
		{F5BF8E0B-04D3-4768-ABF7-6EBACF4ACFF1}.Debug|Any CPU.ActiveCfg = Debug|Any CPU
		{F5BF8E0B-04D3-4768-ABF7-6EBACF4ACFF1}.Debug|Any CPU.Build.0 = Debug|Any CPU
		{F5BF8E0B-04D3-4768-ABF7-6EBACF4ACFF1}.Release|Any CPU.ActiveCfg = Release|Any CPU
		{F5BF8E0B-04D3-4768-ABF7-6EBACF4ACFF1}.Release|Any CPU.Build.0 = Release|Any CPU
	EndGlobalSection
	GlobalSection(SolutionProperties) = preSolution
		HideSolutionNode = FALSE
	EndGlobalSection
	GlobalSection(ExtensibilityGlobals) = postSolution
		SolutionGuid = {C1C8995F-BED3-4F41-A7D4-97E06CF471DF}
	EndGlobalSection
EndGlobal
